
Microsoft Visual Studio Solution File, Format Version 12.00
# Visual Studio Version 17
VisualStudioVersion = 17.4.33213.308
MinimumVisualStudioVersion = 10.0.40219.1
Project("{FAE04EC0-301F-11D3-BF4B-00C04F79EFBC}") = "StreamWriter", "StreamWriter\StreamWriter.csproj", "{FE4B5787-202B-47F1-A4CE-3B2623235517}"
EndProject
Global
	GlobalSection(SolutionConfigurationPlatforms) = preSolution
		Debug|Any CPU = Debug|Any CPU
		Release|Any CPU = Release|Any CPU
	EndGlobalSection
	GlobalSection(ProjectConfigurationPlatforms) = postSolution
		{FE4B5787-202B-47F1-A4CE-3B2623235517}.Debug|Any CPU.ActiveCfg = Debug|Any CPU
		{FE4B5787-202B-47F1-A4CE-3B2623235517}.Debug|Any CPU.Build.0 = Debug|Any CPU
		{FE4B5787-202B-47F1-A4CE-3B2623235517}.Release|Any CPU.ActiveCfg = Release|Any CPU
		{FE4B5787-202B-47F1-A4CE-3B2623235517}.Release|Any CPU.Build.0 = Release|Any CPU
	EndGlobalSection
	GlobalSection(SolutionProperties) = preSolution
		HideSolutionNode = FALSE
	EndGlobalSection
	GlobalSection(ExtensibilityGlobals) = postSolution
		SolutionGuid = {8F820C12-9015-48A5-B84D-1E1BF2922387}
	EndGlobalSection
EndGlobal
